
Microsoft Visual Studio Solution File, Format Version 12.00
# Visual Studio 15
VisualStudioVersion = 15.0.27130.2036
MinimumVisualStudioVersion = 10.0.40219.1
Project("{2150E333-8FDC-42A3-9474-1A3956D46DE8}") = "App", "App", "{BDE7C190-D639-4FD0-B650-67891FC7A01F}"
EndProject
Project("{2150E333-8FDC-42A3-9474-1A3956D46DE8}") = "Test", "Test", "{717DA2BE-17F4-4D1D-9E3A-FC902039E21A}"
EndProject
Project("{2150E333-8FDC-42A3-9474-1A3956D46DE8}") = "1. Apresentação", "1. Apresentação", "{D041B51A-D0B0-4051-A7D2-2680D12ADC08}"
EndProject
Project("{2150E333-8FDC-42A3-9474-1A3956D46DE8}") = "2. Serviços", "2. Serviços", "{DB183C7E-F7B5-4A56-8E61-A44711C8C131}"
EndProject
Project("{2150E333-8FDC-42A3-9474-1A3956D46DE8}") = "3. Aplicação", "3. Aplicação", "{22583166-0928-43A9-B424-9CFEB01DFB5F}"
EndProject
Project("{2150E333-8FDC-42A3-9474-1A3956D46DE8}") = "4. Domínio", "4. Domínio", "{5FC8AA90-AE7E-44BD-A324-919377A8FA99}"
EndProject
Project("{2150E333-8FDC-42A3-9474-1A3956D46DE8}") = "5. Infraestrutura", "5. Infraestrutura", "{2E92255C-46B1-492C-8662-6306698ED9D1}"
EndProject
Project("{2150E333-8FDC-42A3-9474-1A3956D46DE8}") = "5.1. Dados", "5.1. Dados", "{12ABC3C6-DCFC-4825-9E5D-DDCD576170AC}"
EndProject
Project("{2150E333-8FDC-42A3-9474-1A3956D46DE8}") = "5.2. Crosscutting", "5.2. Crosscutting", "{E07171FA-86D4-4153-8AE8-2F04EAF619ED}"
EndProject
Project("{2150E333-8FDC-42A3-9474-1A3956D46DE8}") = "1. Apresentação", "1. Apresentação", "{3B12B3FD-0E2B-4BF5-B7F5-DE2232B3D79D}"
EndProject
Project("{2150E333-8FDC-42A3-9474-1A3956D46DE8}") = "2. Serviços", "2. Serviços", "{5252A030-AA4E-41EF-B1F8-FEDC4BD8478B}"
EndProject
Project("{2150E333-8FDC-42A3-9474-1A3956D46DE8}") = "3. Aplicação", "3. Aplicação", "{5F66D414-EAF0-469D-93FD-3802230A43E1}"
EndProject
Project("{2150E333-8FDC-42A3-9474-1A3956D46DE8}") = "4. Domínio", "4. Domínio", "{6337DA4E-36E2-46CB-89D1-5EDD06091BB5}"
EndProject
Project("{2150E333-8FDC-42A3-9474-1A3956D46DE8}") = "5. Infraestrutura", "5. Infraestrutura", "{11AD2106-4709-46D1-871B-121760254B95}"
EndProject
Project("{2150E333-8FDC-42A3-9474-1A3956D46DE8}") = "5.1. Dados", "5.1. Dados", "{7C8C1869-48BF-4E77-B4E5-A9F886F59812}"
EndProject
Project("{2150E333-8FDC-42A3-9474-1A3956D46DE8}") = "5.2. Crosscutting", "5.2. Crosscutting", "{A39FA476-A0A0-4BAC-A2E2-2CE2A3442126}"
EndProject
Project("{9A19103F-16F7-4668-BE54-9A1E7A4F7556}") = "Innovt.Dominio", "App\Innovt.Dominio\Innovt.Dominio.csproj", "{31488D61-FBF4-4E15-879A-A0E2B34977C7}"
EndProject
Project("{9A19103F-16F7-4668-BE54-9A1E7A4F7556}") = "Innovt.Infraestrutura.Dados", "App\Innovt.Infraestrutura.Dados\Innovt.Infraestrutura.Dados.csproj", "{AFBB9B8A-1F44-46D8-9BF1-26E527095B08}"
EndProject
Project("{9A19103F-16F7-4668-BE54-9A1E7A4F7556}") = "Innovt.Apresentacao.Sandbox", "App\Innovt.Apresentacao.Sandbox\Innovt.Apresentacao.Sandbox.csproj", "{7482F179-6F9F-4B1F-89A6-C2BE98D186F4}"
EndProject
Project("{FAE04EC0-301F-11D3-BF4B-00C04F79EFBC}") = "Innovt.Aplicacao", "App\Innovt.Aplicacao\Innovt.Aplicacao.csproj", "{CDE845F2-1C56-4DD6-9B43-504CCC628F84}"
EndProject
Global
	GlobalSection(SolutionConfigurationPlatforms) = preSolution
		Debug|Any CPU = Debug|Any CPU
		Release|Any CPU = Release|Any CPU
	EndGlobalSection
	GlobalSection(ProjectConfigurationPlatforms) = postSolution
		{31488D61-FBF4-4E15-879A-A0E2B34977C7}.Debug|Any CPU.ActiveCfg = Debug|Any CPU
		{31488D61-FBF4-4E15-879A-A0E2B34977C7}.Debug|Any CPU.Build.0 = Debug|Any CPU
		{31488D61-FBF4-4E15-879A-A0E2B34977C7}.Release|Any CPU.ActiveCfg = Release|Any CPU
		{31488D61-FBF4-4E15-879A-A0E2B34977C7}.Release|Any CPU.Build.0 = Release|Any CPU
		{AFBB9B8A-1F44-46D8-9BF1-26E527095B08}.Debug|Any CPU.ActiveCfg = Debug|Any CPU
		{AFBB9B8A-1F44-46D8-9BF1-26E527095B08}.Debug|Any CPU.Build.0 = Debug|Any CPU
		{AFBB9B8A-1F44-46D8-9BF1-26E527095B08}.Release|Any CPU.ActiveCfg = Release|Any CPU
		{AFBB9B8A-1F44-46D8-9BF1-26E527095B08}.Release|Any CPU.Build.0 = Release|Any CPU
		{7482F179-6F9F-4B1F-89A6-C2BE98D186F4}.Debug|Any CPU.ActiveCfg = Debug|Any CPU
		{7482F179-6F9F-4B1F-89A6-C2BE98D186F4}.Debug|Any CPU.Build.0 = Debug|Any CPU
		{7482F179-6F9F-4B1F-89A6-C2BE98D186F4}.Release|Any CPU.ActiveCfg = Release|Any CPU
		{7482F179-6F9F-4B1F-89A6-C2BE98D186F4}.Release|Any CPU.Build.0 = Release|Any CPU
		{CDE845F2-1C56-4DD6-9B43-504CCC628F84}.Debug|Any CPU.ActiveCfg = Debug|Any CPU
		{CDE845F2-1C56-4DD6-9B43-504CCC628F84}.Debug|Any CPU.Build.0 = Debug|Any CPU
		{CDE845F2-1C56-4DD6-9B43-504CCC628F84}.Release|Any CPU.ActiveCfg = Release|Any CPU
		{CDE845F2-1C56-4DD6-9B43-504CCC628F84}.Release|Any CPU.Build.0 = Release|Any CPU
	EndGlobalSection
	GlobalSection(SolutionProperties) = preSolution
		HideSolutionNode = FALSE
	EndGlobalSection
	GlobalSection(NestedProjects) = preSolution
		{D041B51A-D0B0-4051-A7D2-2680D12ADC08} = {BDE7C190-D639-4FD0-B650-67891FC7A01F}
		{DB183C7E-F7B5-4A56-8E61-A44711C8C131} = {BDE7C190-D639-4FD0-B650-67891FC7A01F}
		{22583166-0928-43A9-B424-9CFEB01DFB5F} = {BDE7C190-D639-4FD0-B650-67891FC7A01F}
		{5FC8AA90-AE7E-44BD-A324-919377A8FA99} = {BDE7C190-D639-4FD0-B650-67891FC7A01F}
		{2E92255C-46B1-492C-8662-6306698ED9D1} = {BDE7C190-D639-4FD0-B650-67891FC7A01F}
		{12ABC3C6-DCFC-4825-9E5D-DDCD576170AC} = {2E92255C-46B1-492C-8662-6306698ED9D1}
		{E07171FA-86D4-4153-8AE8-2F04EAF619ED} = {2E92255C-46B1-492C-8662-6306698ED9D1}
		{3B12B3FD-0E2B-4BF5-B7F5-DE2232B3D79D} = {717DA2BE-17F4-4D1D-9E3A-FC902039E21A}
		{5252A030-AA4E-41EF-B1F8-FEDC4BD8478B} = {717DA2BE-17F4-4D1D-9E3A-FC902039E21A}
		{5F66D414-EAF0-469D-93FD-3802230A43E1} = {717DA2BE-17F4-4D1D-9E3A-FC902039E21A}
		{6337DA4E-36E2-46CB-89D1-5EDD06091BB5} = {717DA2BE-17F4-4D1D-9E3A-FC902039E21A}
		{11AD2106-4709-46D1-871B-121760254B95} = {717DA2BE-17F4-4D1D-9E3A-FC902039E21A}
		{7C8C1869-48BF-4E77-B4E5-A9F886F59812} = {11AD2106-4709-46D1-871B-121760254B95}
		{A39FA476-A0A0-4BAC-A2E2-2CE2A3442126} = {11AD2106-4709-46D1-871B-121760254B95}
		{31488D61-FBF4-4E15-879A-A0E2B34977C7} = {5FC8AA90-AE7E-44BD-A324-919377A8FA99}
		{AFBB9B8A-1F44-46D8-9BF1-26E527095B08} = {12ABC3C6-DCFC-4825-9E5D-DDCD576170AC}
		{7482F179-6F9F-4B1F-89A6-C2BE98D186F4} = {D041B51A-D0B0-4051-A7D2-2680D12ADC08}
		{CDE845F2-1C56-4DD6-9B43-504CCC628F84} = {22583166-0928-43A9-B424-9CFEB01DFB5F}
	EndGlobalSection
	GlobalSection(ExtensibilityGlobals) = postSolution
		SolutionGuid = {7B8731DF-8766-43EE-96F2-D07936EA4440}
	EndGlobalSection
EndGlobal
